// !$*UTF8*$!
{
	archiveVersion = 1;
	classes = {
	};
	objectVersion = 77;
	objects = {

/* Begin PBXBuildFile section */
		27219AB42E3CDDDB0044C608 /* WidgetKit.framework in Frameworks */ = {isa = PBXBuildFile; fileRef = 27219A672E3CD1AF0044C608 /* WidgetKit.framework */; };
		27219AB52E3CDDDB0044C608 /* SwiftUI.framework in Frameworks */ = {isa = PBXBuildFile; fileRef = 27219A692E3CD1AF0044C608 /* SwiftUI.framework */; };
		27219AC22E3CDDDE0044C608 /* ActivityWidgetExtension.appex in Embed Foundation Extensions */ = {isa = PBXBuildFile; fileRef = 27219AB32E3CDDDB0044C608 /* ActivityWidgetExtension.appex */; settings = {ATTRIBUTES = (RemoveHeadersOnCopy, ); }; };
		27CD7A912E3A1AD40070B87D /* Preview Assets.xcassets in Resources */ = {isa = PBXBuildFile; fileRef = 27CD7A8A2E3A1AD40070B87D /* Preview Assets.xcassets */; };
		27CD7A922E3A1AD40070B87D /* Assets.xcassets in Resources */ = {isa = PBXBuildFile; fileRef = 27CD7A8C2E3A1AD40070B87D /* Assets.xcassets */; };
		27CD7A942E3A1AD40070B87D /* DownloadItemModel.swift in Sources */ = {isa = PBXBuildFile; fileRef = 27CD7A7F2E3A1AD40070B87D /* DownloadItemModel.swift */; };
		27CD7A952E3A1AD40070B87D /* DownloadView.swift in Sources */ = {isa = PBXBuildFile; fileRef = 27CD7A802E3A1AD40070B87D /* DownloadView.swift */; };
		27CD7A962E3A1AD40070B87D /* DownloadViewModel.swift in Sources */ = {isa = PBXBuildFile; fileRef = 27CD7A812E3A1AD40070B87D /* DownloadViewModel.swift */; };
		27CD7A972E3A1AD40070B87D /* HomeView.swift in Sources */ = {isa = PBXBuildFile; fileRef = 27CD7A822E3A1AD40070B87D /* HomeView.swift */; };
		27CD7A982E3A1AD40070B87D /* AppDelegate.swift in Sources */ = {isa = PBXBuildFile; fileRef = 27CD7A842E3A1AD40070B87D /* AppDelegate.swift */; };
		27CD7A9A2E3A1AD40070B87D /* MyDownloadManager.swift in Sources */ = {isa = PBXBuildFile; fileRef = 27CD7A872E3A1AD40070B87D /* MyDownloadManager.swift */; };
		27CD7A9B2E3A1AD40070B87D /* ContentView.swift in Sources */ = {isa = PBXBuildFile; fileRef = 27CD7A8D2E3A1AD40070B87D /* ContentView.swift */; };
		27CD7A9C2E3A1AD40070B87D /* DownloadYourDataApp.swift in Sources */ = {isa = PBXBuildFile; fileRef = 27CD7A8E2E3A1AD40070B87D /* DownloadYourDataApp.swift */; };
		27CD7AA12E3A31170070B87D /* DownloadManagerWithCompletion.swift in Sources */ = {isa = PBXBuildFile; fileRef = 27CD7AA02E3A31170070B87D /* DownloadManagerWithCompletion.swift */; };
		27CD7DB02E3A48580070B87D /* FileManager.swift in Sources */ = {isa = PBXBuildFile; fileRef = 27CD7DAF2E3A48580070B87D /* FileManager.swift */; };
		27CD7DB62E3B5DF10070B87D /* AnyHostConcurrentDownloadManager.swift in Sources */ = {isa = PBXBuildFile; fileRef = 27CD7DB52E3B5DF10070B87D /* AnyHostConcurrentDownloadManager.swift */; };
		27CD7DB92E3B63210070B87D /* AnyHostingDownloadView.swift in Sources */ = {isa = PBXBuildFile; fileRef = 27CD7DB82E3B63210070B87D /* AnyHostingDownloadView.swift */; };
/* End PBXBuildFile section */

/* Begin PBXContainerItemProxy section */
		27219AC02E3CDDDE0044C608 /* PBXContainerItemProxy */ = {
			isa = PBXContainerItemProxy;
			containerPortal = 273AA5D72E28D3DA0056182D /* Project object */;
			proxyType = 1;
			remoteGlobalIDString = 27219AB22E3CDDDB0044C608;
			remoteInfo = ActivityWidgetExtension;
		};
/* End PBXContainerItemProxy section */

/* Begin PBXCopyFilesBuildPhase section */
		27219A782E3CD1B20044C608 /* Embed Foundation Extensions */ = {
			isa = PBXCopyFilesBuildPhase;
			buildActionMask = 2147483647;
			dstPath = "";
			dstSubfolderSpec = 13;
			files = (
				27219AC22E3CDDDE0044C608 /* ActivityWidgetExtension.appex in Embed Foundation Extensions */,
			);
			name = "Embed Foundation Extensions";
			runOnlyForDeploymentPostprocessing = 0;
		};
/* End PBXCopyFilesBuildPhase section */

/* Begin PBXFileReference section */
		27219A672E3CD1AF0044C608 /* WidgetKit.framework */ = {isa = PBXFileReference; lastKnownFileType = wrapper.framework; name = WidgetKit.framework; path = System/Library/Frameworks/WidgetKit.framework; sourceTree = SDKROOT; };
		27219A692E3CD1AF0044C608 /* SwiftUI.framework */ = {isa = PBXFileReference; lastKnownFileType = wrapper.framework; name = SwiftUI.framework; path = System/Library/Frameworks/SwiftUI.framework; sourceTree = SDKROOT; };
		27219AB32E3CDDDB0044C608 /* ActivityWidgetExtension.appex */ = {isa = PBXFileReference; explicitFileType = "wrapper.app-extension"; includeInIndex = 0; path = ActivityWidgetExtension.appex; sourceTree = BUILT_PRODUCTS_DIR; };
		273AA5DF2E28D3DA0056182D /* DownloadYourData.app */ = {isa = PBXFileReference; explicitFileType = wrapper.application; includeInIndex = 0; path = DownloadYourData.app; sourceTree = BUILT_PRODUCTS_DIR; };
		27CD7A7F2E3A1AD40070B87D /* DownloadItemModel.swift */ = {isa = PBXFileReference; lastKnownFileType = sourcecode.swift; path = DownloadItemModel.swift; sourceTree = "<group>"; };
		27CD7A802E3A1AD40070B87D /* DownloadView.swift */ = {isa = PBXFileReference; lastKnownFileType = sourcecode.swift; path = DownloadView.swift; sourceTree = "<group>"; };
		27CD7A812E3A1AD40070B87D /* DownloadViewModel.swift */ = {isa = PBXFileReference; lastKnownFileType = sourcecode.swift; path = DownloadViewModel.swift; sourceTree = "<group>"; };
		27CD7A822E3A1AD40070B87D /* HomeView.swift */ = {isa = PBXFileReference; lastKnownFileType = sourcecode.swift; path = HomeView.swift; sourceTree = "<group>"; };
		27CD7A842E3A1AD40070B87D /* AppDelegate.swift */ = {isa = PBXFileReference; lastKnownFileType = sourcecode.swift; path = AppDelegate.swift; sourceTree = "<group>"; };
		27CD7A872E3A1AD40070B87D /* MyDownloadManager.swift */ = {isa = PBXFileReference; lastKnownFileType = sourcecode.swift; path = MyDownloadManager.swift; sourceTree = "<group>"; };
		27CD7A8A2E3A1AD40070B87D /* Preview Assets.xcassets */ = {isa = PBXFileReference; lastKnownFileType = folder.assetcatalog; path = "Preview Assets.xcassets"; sourceTree = "<group>"; };
		27CD7A8C2E3A1AD40070B87D /* Assets.xcassets */ = {isa = PBXFileReference; lastKnownFileType = folder.assetcatalog; path = Assets.xcassets; sourceTree = "<group>"; };
		27CD7A8D2E3A1AD40070B87D /* ContentView.swift */ = {isa = PBXFileReference; lastKnownFileType = sourcecode.swift; path = ContentView.swift; sourceTree = "<group>"; };
		27CD7A8E2E3A1AD40070B87D /* DownloadYourDataApp.swift */ = {isa = PBXFileReference; lastKnownFileType = sourcecode.swift; path = DownloadYourDataApp.swift; sourceTree = "<group>"; };
		27CD7A8F2E3A1AD40070B87D /* Info.plist */ = {isa = PBXFileReference; lastKnownFileType = text.plist.xml; path = Info.plist; sourceTree = "<group>"; };
		27CD7AA02E3A31170070B87D /* DownloadManagerWithCompletion.swift */ = {isa = PBXFileReference; lastKnownFileType = sourcecode.swift; path = DownloadManagerWithCompletion.swift; sourceTree = "<group>"; };
		27CD7DAF2E3A48580070B87D /* FileManager.swift */ = {isa = PBXFileReference; lastKnownFileType = sourcecode.swift; path = FileManager.swift; sourceTree = "<group>"; };
		27CD7DB52E3B5DF10070B87D /* AnyHostConcurrentDownloadManager.swift */ = {isa = PBXFileReference; lastKnownFileType = sourcecode.swift; path = AnyHostConcurrentDownloadManager.swift; sourceTree = "<group>"; };
		27CD7DB82E3B63210070B87D /* AnyHostingDownloadView.swift */ = {isa = PBXFileReference; lastKnownFileType = sourcecode.swift; path = AnyHostingDownloadView.swift; sourceTree = "<group>"; };
/* End PBXFileReference section */

/* Begin PBXFileSystemSynchronizedBuildFileExceptionSet section */
		27219AC32E3CDDDE0044C608 /* Exceptions for "ActivityWidget" folder in "ActivityWidgetExtension" target */ = {
			isa = PBXFileSystemSynchronizedBuildFileExceptionSet;
			membershipExceptions = (
				Info.plist,
			);
			target = 27219AB22E3CDDDB0044C608 /* ActivityWidgetExtension */;
		};
		27219ACC2E3CDE980044C608 /* Exceptions for "ActivityWidget" folder in "DownloadYourData" target */ = {
			isa = PBXFileSystemSynchronizedBuildFileExceptionSet;
			membershipExceptions = (
				DownloadActivityAttributes.swift,
				DownloadActivityContent.swift,
				DownloadActivityManager.swift,
				DownloadActivityWidget.swift,
			);
			target = 273AA5DE2E28D3DA0056182D /* DownloadYourData */;
		};
/* End PBXFileSystemSynchronizedBuildFileExceptionSet section */

/* Begin PBXFileSystemSynchronizedRootGroup section */
		27219AB62E3CDDDB0044C608 /* ActivityWidget */ = {
			isa = PBXFileSystemSynchronizedRootGroup;
			exceptions = (
				27219ACC2E3CDE980044C608 /* Exceptions for "ActivityWidget" folder in "DownloadYourData" target */,
				27219AC32E3CDDDE0044C608 /* Exceptions for "ActivityWidget" folder in "ActivityWidgetExtension" target */,
			);
			path = ActivityWidget;
			sourceTree = "<group>";
		};
		27CD7A9D2E3A1AF20070B87D /* AppConstants */ = {
			isa = PBXFileSystemSynchronizedRootGroup;
			path = AppConstants;
			sourceTree = "<group>";
		};
/* End PBXFileSystemSynchronizedRootGroup section */

/* Begin PBXFrameworksBuildPhase section */
		27219AB02E3CDDDB0044C608 /* Frameworks */ = {
			isa = PBXFrameworksBuildPhase;
			buildActionMask = 2147483647;
			files = (
				27219AB52E3CDDDB0044C608 /* SwiftUI.framework in Frameworks */,
				27219AB42E3CDDDB0044C608 /* WidgetKit.framework in Frameworks */,
			);
			runOnlyForDeploymentPostprocessing = 0;
		};
		273AA5DC2E28D3DA0056182D /* Frameworks */ = {
			isa = PBXFrameworksBuildPhase;
			buildActionMask = 2147483647;
			files = (
			);
			runOnlyForDeploymentPostprocessing = 0;
		};
/* End PBXFrameworksBuildPhase section */

/* Begin PBXGroup section */
		27219A662E3CD1AF0044C608 /* Frameworks */ = {
			isa = PBXGroup;
			children = (
				27219A672E3CD1AF0044C608 /* WidgetKit.framework */,
				27219A692E3CD1AF0044C608 /* SwiftUI.framework */,
			);
			name = Frameworks;
			sourceTree = "<group>";
		};
		273AA5D62E28D3DA0056182D = {
			isa = PBXGroup;
			children = (
				27CD7A902E3A1AD40070B87D /* DownloadYourData */,
				27219AB62E3CDDDB0044C608 /* ActivityWidget */,
				27219A662E3CD1AF0044C608 /* Frameworks */,
				273AA5E02E28D3DA0056182D /* Products */,
			);
			sourceTree = "<group>";
		};
		273AA5E02E28D3DA0056182D /* Products */ = {
			isa = PBXGroup;
			children = (
				273AA5DF2E28D3DA0056182D /* DownloadYourData.app */,
				27219AB32E3CDDDB0044C608 /* ActivityWidgetExtension.appex */,
			);
			name = Products;
			sourceTree = "<group>";
		};
		27CD7A832E3A1AD40070B87D /* Controllers */ = {
			isa = PBXGroup;
			children = (
				27CD7DB32E3B39E80070B87D /* ViewModel */,
				27CD7DB42E3B4C820070B87D /* DownloadModel */,
				27CD7DB72E3B624A0070B87D /* View */,
			);
			path = Controllers;
			sourceTree = "<group>";
		};
		27CD7A852E3A1AD40070B87D /* Core */ = {
			isa = PBXGroup;
			children = (
				27CD7A842E3A1AD40070B87D /* AppDelegate.swift */,
			);
			path = Core;
			sourceTree = "<group>";
		};
		27CD7A892E3A1AD40070B87D /* DownloadMangers */ = {
			isa = PBXGroup;
			children = (
				27CD7DAF2E3A48580070B87D /* FileManager.swift */,
				27CD7A872E3A1AD40070B87D /* MyDownloadManager.swift */,
				27CD7AA02E3A31170070B87D /* DownloadManagerWithCompletion.swift */,
				27CD7DB52E3B5DF10070B87D /* AnyHostConcurrentDownloadManager.swift */,
			);
			path = DownloadMangers;
			sourceTree = "<group>";
		};
		27CD7A8B2E3A1AD40070B87D /* Preview Content */ = {
			isa = PBXGroup;
			children = (
				27CD7A8A2E3A1AD40070B87D /* Preview Assets.xcassets */,
			);
			path = "Preview Content";
			sourceTree = "<group>";
		};
		27CD7A902E3A1AD40070B87D /* DownloadYourData */ = {
			isa = PBXGroup;
			children = (
				27CD7A9D2E3A1AF20070B87D /* AppConstants */,
				27CD7A832E3A1AD40070B87D /* Controllers */,
				27CD7A852E3A1AD40070B87D /* Core */,
				27CD7A892E3A1AD40070B87D /* DownloadMangers */,
				27CD7A8B2E3A1AD40070B87D /* Preview Content */,
				27CD7A8C2E3A1AD40070B87D /* Assets.xcassets */,
				27CD7A8D2E3A1AD40070B87D /* ContentView.swift */,
				27CD7A8E2E3A1AD40070B87D /* DownloadYourDataApp.swift */,
				27CD7A8F2E3A1AD40070B87D /* Info.plist */,
			);
			path = DownloadYourData;
			sourceTree = "<group>";
		};
		27CD7DB32E3B39E80070B87D /* ViewModel */ = {
			isa = PBXGroup;
			children = (
				27CD7A812E3A1AD40070B87D /* DownloadViewModel.swift */,
			);
			path = ViewModel;
			sourceTree = "<group>";
		};
		27CD7DB42E3B4C820070B87D /* DownloadModel */ = {
			isa = PBXGroup;
			children = (
				27CD7A7F2E3A1AD40070B87D /* DownloadItemModel.swift */,
			);
			path = DownloadModel;
			sourceTree = "<group>";
		};
		27CD7DB72E3B624A0070B87D /* View */ = {
			isa = PBXGroup;
			children = (
				27CD7A802E3A1AD40070B87D /* DownloadView.swift */,
				27CD7A822E3A1AD40070B87D /* HomeView.swift */,
				27CD7DB82E3B63210070B87D /* AnyHostingDownloadView.swift */,
			);
			path = View;
			sourceTree = "<group>";
		};
/* End PBXGroup section */

/* Begin PBXNativeTarget section */
		27219AB22E3CDDDB0044C608 /* ActivityWidgetExtension */ = {
			isa = PBXNativeTarget;
			buildConfigurationList = 27219AC42E3CDDDE0044C608 /* Build configuration list for PBXNativeTarget "ActivityWidgetExtension" */;
			buildPhases = (
				27219AAF2E3CDDDB0044C608 /* Sources */,
				27219AB02E3CDDDB0044C608 /* Frameworks */,
				27219AB12E3CDDDB0044C608 /* Resources */,
			);
			buildRules = (
			);
			dependencies = (
			);
			fileSystemSynchronizedGroups = (
				27219AB62E3CDDDB0044C608 /* ActivityWidget */,
			);
			name = ActivityWidgetExtension;
			packageProductDependencies = (
			);
			productName = ActivityWidgetExtension;
			productReference = 27219AB32E3CDDDB0044C608 /* ActivityWidgetExtension.appex */;
			productType = "com.apple.product-type.app-extension";
		};
		273AA5DE2E28D3DA0056182D /* DownloadYourData */ = {
			isa = PBXNativeTarget;
			buildConfigurationList = 273AA5ED2E28D3DC0056182D /* Build configuration list for PBXNativeTarget "DownloadYourData" */;
			buildPhases = (
				273AA5DB2E28D3DA0056182D /* Sources */,
				273AA5DC2E28D3DA0056182D /* Frameworks */,
				273AA5DD2E28D3DA0056182D /* Resources */,
				27219A782E3CD1B20044C608 /* Embed Foundation Extensions */,
			);
			buildRules = (
			);
			dependencies = (
				27219AC12E3CDDDE0044C608 /* PBXTargetDependency */,
			);
			fileSystemSynchronizedGroups = (
				27CD7A9D2E3A1AF20070B87D /* AppConstants */,
			);
			name = DownloadYourData;
			packageProductDependencies = (
			);
			productName = DownloadYourData;
			productReference = 273AA5DF2E28D3DA0056182D /* DownloadYourData.app */;
			productType = "com.apple.product-type.application";
		};
/* End PBXNativeTarget section */

/* Begin PBXProject section */
		273AA5D72E28D3DA0056182D /* Project object */ = {
			isa = PBXProject;
			attributes = {
				BuildIndependentTargetsInParallel = 1;
				LastSwiftUpdateCheck = 1620;
				LastUpgradeCheck = 1620;
				TargetAttributes = {
					27219AB22E3CDDDB0044C608 = {
						CreatedOnToolsVersion = 16.2;
					};
					273AA5DE2E28D3DA0056182D = {
						CreatedOnToolsVersion = 16.2;
					};
				};
			};
			buildConfigurationList = 273AA5DA2E28D3DA0056182D /* Build configuration list for PBXProject "DownloadYourData" */;
			developmentRegion = en;
			hasScannedForEncodings = 0;
			knownRegions = (
				en,
				Base,
			);
			mainGroup = 273AA5D62E28D3DA0056182D;
			minimizedProjectReferenceProxies = 1;
			preferredProjectObjectVersion = 77;
			productRefGroup = 273AA5E02E28D3DA0056182D /* Products */;
			projectDirPath = "";
			projectRoot = "";
			targets = (
				273AA5DE2E28D3DA0056182D /* DownloadYourData */,
				27219AB22E3CDDDB0044C608 /* ActivityWidgetExtension */,
			);
		};
/* End PBXProject section */

/* Begin PBXResourcesBuildPhase section */
		27219AB12E3CDDDB0044C608 /* Resources */ = {
			isa = PBXResourcesBuildPhase;
			buildActionMask = 2147483647;
			files = (
			);
			runOnlyForDeploymentPostprocessing = 0;
		};
		273AA5DD2E28D3DA0056182D /* Resources */ = {
			isa = PBXResourcesBuildPhase;
			buildActionMask = 2147483647;
			files = (
				27CD7A912E3A1AD40070B87D /* Preview Assets.xcassets in Resources */,
				27CD7A922E3A1AD40070B87D /* Assets.xcassets in Resources */,
			);
			runOnlyForDeploymentPostprocessing = 0;
		};
/* End PBXResourcesBuildPhase section */

/* Begin PBXSourcesBuildPhase section */
		27219AAF2E3CDDDB0044C608 /* Sources */ = {
			isa = PBXSourcesBuildPhase;
			buildActionMask = 2147483647;
			files = (
			);
			runOnlyForDeploymentPostprocessing = 0;
		};
		273AA5DB2E28D3DA0056182D /* Sources */ = {
			isa = PBXSourcesBuildPhase;
			buildActionMask = 2147483647;
			files = (
				27CD7A942E3A1AD40070B87D /* DownloadItemModel.swift in Sources */,
				27CD7A952E3A1AD40070B87D /* DownloadView.swift in Sources */,
				27CD7A962E3A1AD40070B87D /* DownloadViewModel.swift in Sources */,
				27CD7A972E3A1AD40070B87D /* HomeView.swift in Sources */,
				27CD7A982E3A1AD40070B87D /* AppDelegate.swift in Sources */,
				27CD7AA12E3A31170070B87D /* DownloadManagerWithCompletion.swift in Sources */,
				27CD7A9A2E3A1AD40070B87D /* MyDownloadManager.swift in Sources */,
				27CD7DB02E3A48580070B87D /* FileManager.swift in Sources */,
				27CD7DB62E3B5DF10070B87D /* AnyHostConcurrentDownloadManager.swift in Sources */,
				27CD7A9B2E3A1AD40070B87D /* ContentView.swift in Sources */,
				27CD7A9C2E3A1AD40070B87D /* DownloadYourDataApp.swift in Sources */,
				27CD7DB92E3B63210070B87D /* AnyHostingDownloadView.swift in Sources */,
			);
			runOnlyForDeploymentPostprocessing = 0;
		};
/* End PBXSourcesBuildPhase section */

/* Begin PBXTargetDependency section */
		27219AC12E3CDDDE0044C608 /* PBXTargetDependency */ = {
			isa = PBXTargetDependency;
			target = 27219AB22E3CDDDB0044C608 /* ActivityWidgetExtension */;
			targetProxy = 27219AC02E3CDDDE0044C608 /* PBXContainerItemProxy */;
		};
/* End PBXTargetDependency section */

/* Begin XCBuildConfiguration section */
		27219AC52E3CDDDE0044C608 /* Debug */ = {
			isa = XCBuildConfiguration;
			buildSettings = {
				ASSETCATALOG_COMPILER_GLOBAL_ACCENT_COLOR_NAME = AccentColor;
				ASSETCATALOG_COMPILER_WIDGET_BACKGROUND_COLOR_NAME = WidgetBackground;
				CODE_SIGN_STYLE = Automatic;
				CURRENT_PROJECT_VERSION = 1;
				DEVELOPMENT_TEAM = 234A77FD93;
				GENERATE_INFOPLIST_FILE = YES;
				INFOPLIST_FILE = ActivityWidget/Info.plist;
				INFOPLIST_KEY_CFBundleDisplayName = ActivityWidget;
				INFOPLIST_KEY_NSHumanReadableCopyright = "";
				LD_RUNPATH_SEARCH_PATHS = (
					"$(inherited)",
					"@executable_path/Frameworks",
					"@executable_path/../../Frameworks",
				);
				MARKETING_VERSION = 1.0;
				PRODUCT_BUNDLE_IDENTIFIER = com.DownloadYourData.ActivityWidget;
				PRODUCT_NAME = "$(TARGET_NAME)";
				SKIP_INSTALL = YES;
				SWIFT_EMIT_LOC_STRINGS = YES;
				SWIFT_VERSION = 5.0;
				TARGETED_DEVICE_FAMILY = "1,2";
			};
			name = Debug;
		};
		27219AC62E3CDDDE0044C608 /* Release */ = {
			isa = XCBuildConfiguration;
			buildSettings = {
				ASSETCATALOG_COMPILER_GLOBAL_ACCENT_COLOR_NAME = AccentColor;
				ASSETCATALOG_COMPILER_WIDGET_BACKGROUND_COLOR_NAME = WidgetBackground;
				CODE_SIGN_STYLE = Automatic;
				CURRENT_PROJECT_VERSION = 1;
				DEVELOPMENT_TEAM = 234A77FD93;
				GENERATE_INFOPLIST_FILE = YES;
				INFOPLIST_FILE = ActivityWidget/Info.plist;
				INFOPLIST_KEY_CFBundleDisplayName = ActivityWidget;
				INFOPLIST_KEY_NSHumanReadableCopyright = "";
				LD_RUNPATH_SEARCH_PATHS = (
					"$(inherited)",
					"@executable_path/Frameworks",
					"@executable_path/../../Frameworks",
				);
				MARKETING_VERSION = 1.0;
				PRODUCT_BUNDLE_IDENTIFIER = com.DownloadYourData.ActivityWidget;
				PRODUCT_NAME = "$(TARGET_NAME)";
				SKIP_INSTALL = YES;
				SWIFT_EMIT_LOC_STRINGS = YES;
				SWIFT_VERSION = 5.0;
				TARGETED_DEVICE_FAMILY = "1,2";
			};
			name = Release;
		};
		273AA5EB2E28D3DC0056182D /* Debug */ = {
			isa = XCBuildConfiguration;
			buildSettings = {
				ALWAYS_SEARCH_USER_PATHS = NO;
				ASSETCATALOG_COMPILER_GENERATE_SWIFT_ASSET_SYMBOL_EXTENSIONS = YES;
				CLANG_ANALYZER_NONNULL = YES;
				CLANG_ANALYZER_NUMBER_OBJECT_CONVERSION = YES_AGGRESSIVE;
				CLANG_CXX_LANGUAGE_STANDARD = "gnu++20";
				CLANG_ENABLE_MODULES = YES;
				CLANG_ENABLE_OBJC_ARC = YES;
				CLANG_ENABLE_OBJC_WEAK = YES;
				CLANG_WARN_BLOCK_CAPTURE_AUTORELEASING = YES;
				CLANG_WARN_BOOL_CONVERSION = YES;
				CLANG_WARN_COMMA = YES;
				CLANG_WARN_CONSTANT_CONVERSION = YES;
				CLANG_WARN_DEPRECATED_OBJC_IMPLEMENTATIONS = YES;
				CLANG_WARN_DIRECT_OBJC_ISA_USAGE = YES_ERROR;
				CLANG_WARN_DOCUMENTATION_COMMENTS = YES;
				CLANG_WARN_EMPTY_BODY = YES;
				CLANG_WARN_ENUM_CONVERSION = YES;
				CLANG_WARN_INFINITE_RECURSION = YES;
				CLANG_WARN_INT_CONVERSION = YES;
				CLANG_WARN_NON_LITERAL_NULL_CONVERSION = YES;
				CLANG_WARN_OBJC_IMPLICIT_RETAIN_SELF = YES;
				CLANG_WARN_OBJC_LITERAL_CONVERSION = YES;
				CLANG_WARN_OBJC_ROOT_CLASS = YES_ERROR;
				CLANG_WARN_QUOTED_INCLUDE_IN_FRAMEWORK_HEADER = YES;
				CLANG_WARN_RANGE_LOOP_ANALYSIS = YES;
				CLANG_WARN_STRICT_PROTOTYPES = YES;
				CLANG_WARN_SUSPICIOUS_MOVE = YES;
				CLANG_WARN_UNGUARDED_AVAILABILITY = YES_AGGRESSIVE;
				CLANG_WARN_UNREACHABLE_CODE = YES;
				CLANG_WARN__DUPLICATE_METHOD_MATCH = YES;
				COPY_PHASE_STRIP = NO;
				DEBUG_INFORMATION_FORMAT = dwarf;
				ENABLE_STRICT_OBJC_MSGSEND = YES;
				ENABLE_TESTABILITY = YES;
				ENABLE_USER_SCRIPT_SANDBOXING = YES;
				GCC_C_LANGUAGE_STANDARD = gnu17;
				GCC_DYNAMIC_NO_PIC = NO;
				GCC_NO_COMMON_BLOCKS = YES;
				GCC_OPTIMIZATION_LEVEL = 0;
				GCC_PREPROCESSOR_DEFINITIONS = (
					"DEBUG=1",
					"$(inherited)",
				);
				GCC_WARN_64_TO_32_BIT_CONVERSION = YES;
				GCC_WARN_ABOUT_RETURN_TYPE = YES_ERROR;
				GCC_WARN_UNDECLARED_SELECTOR = YES;
				GCC_WARN_UNINITIALIZED_AUTOS = YES_AGGRESSIVE;
				GCC_WARN_UNUSED_FUNCTION = YES;
				GCC_WARN_UNUSED_VARIABLE = YES;
				IPHONEOS_DEPLOYMENT_TARGET = 18.2;
				LOCALIZATION_PREFERS_STRING_CATALOGS = YES;
				MTL_ENABLE_DEBUG_INFO = INCLUDE_SOURCE;
				MTL_FAST_MATH = YES;
				ONLY_ACTIVE_ARCH = YES;
				SDKROOT = iphoneos;
				SWIFT_ACTIVE_COMPILATION_CONDITIONS = "DEBUG $(inherited)";
				SWIFT_OPTIMIZATION_LEVEL = "-Onone";
			};
			name = Debug;
		};
		273AA5EC2E28D3DC0056182D /* Release */ = {
			isa = XCBuildConfiguration;
			buildSettings = {
				ALWAYS_SEARCH_USER_PATHS = NO;
				ASSETCATALOG_COMPILER_GENERATE_SWIFT_ASSET_SYMBOL_EXTENSIONS = YES;
				CLANG_ANALYZER_NONNULL = YES;
				CLANG_ANALYZER_NUMBER_OBJECT_CONVERSION = YES_AGGRESSIVE;
				CLANG_CXX_LANGUAGE_STANDARD = "gnu++20";
				CLANG_ENABLE_MODULES = YES;
				CLANG_ENABLE_OBJC_ARC = YES;
				CLANG_ENABLE_OBJC_WEAK = YES;
				CLANG_WARN_BLOCK_CAPTURE_AUTORELEASING = YES;
				CLANG_WARN_BOOL_CONVERSION = YES;
				CLANG_WARN_COMMA = YES;
				CLANG_WARN_CONSTANT_CONVERSION = YES;
				CLANG_WARN_DEPRECATED_OBJC_IMPLEMENTATIONS = YES;
				CLANG_WARN_DIRECT_OBJC_ISA_USAGE = YES_ERROR;
				CLANG_WARN_DOCUMENTATION_COMMENTS = YES;
				CLANG_WARN_EMPTY_BODY = YES;
				CLANG_WARN_ENUM_CONVERSION = YES;
				CLANG_WARN_INFINITE_RECURSION = YES;
				CLANG_WARN_INT_CONVERSION = YES;
				CLANG_WARN_NON_LITERAL_NULL_CONVERSION = YES;
				CLANG_WARN_OBJC_IMPLICIT_RETAIN_SELF = YES;
				CLANG_WARN_OBJC_LITERAL_CONVERSION = YES;
				CLANG_WARN_OBJC_ROOT_CLASS = YES_ERROR;
				CLANG_WARN_QUOTED_INCLUDE_IN_FRAMEWORK_HEADER = YES;
				CLANG_WARN_RANGE_LOOP_ANALYSIS = YES;
				CLANG_WARN_STRICT_PROTOTYPES = YES;
				CLANG_WARN_SUSPICIOUS_MOVE = YES;
				CLANG_WARN_UNGUARDED_AVAILABILITY = YES_AGGRESSIVE;
				CLANG_WARN_UNREACHABLE_CODE = YES;
				CLANG_WARN__DUPLICATE_METHOD_MATCH = YES;
				COPY_PHASE_STRIP = NO;
				DEBUG_INFORMATION_FORMAT = "dwarf-with-dsym";
				ENABLE_NS_ASSERTIONS = NO;
				ENABLE_STRICT_OBJC_MSGSEND = YES;
				ENABLE_USER_SCRIPT_SANDBOXING = YES;
				GCC_C_LANGUAGE_STANDARD = gnu17;
				GCC_NO_COMMON_BLOCKS = YES;
				GCC_WARN_64_TO_32_BIT_CONVERSION = YES;
				GCC_WARN_ABOUT_RETURN_TYPE = YES_ERROR;
				GCC_WARN_UNDECLARED_SELECTOR = YES;
				GCC_WARN_UNINITIALIZED_AUTOS = YES_AGGRESSIVE;
				GCC_WARN_UNUSED_FUNCTION = YES;
				GCC_WARN_UNUSED_VARIABLE = YES;
				IPHONEOS_DEPLOYMENT_TARGET = 18.2;
				LOCALIZATION_PREFERS_STRING_CATALOGS = YES;
				MTL_ENABLE_DEBUG_INFO = NO;
				MTL_FAST_MATH = YES;
				SDKROOT = iphoneos;
				SWIFT_COMPILATION_MODE = wholemodule;
				VALIDATE_PRODUCT = YES;
			};
			name = Release;
		};
		273AA5EE2E28D3DC0056182D /* Debug */ = {
			isa = XCBuildConfiguration;
			buildSettings = {
				ASSETCATALOG_COMPILER_APPICON_NAME = AppIcon;
				ASSETCATALOG_COMPILER_GLOBAL_ACCENT_COLOR_NAME = AccentColor;
				CODE_SIGN_STYLE = Automatic;
				CURRENT_PROJECT_VERSION = 1;
				DEVELOPMENT_ASSET_PATHS = "\"DownloadYourData/Preview Content\"";
				DEVELOPMENT_TEAM = 234A77FD93;
				ENABLE_PREVIEWS = YES;
				GENERATE_INFOPLIST_FILE = YES;
				INFOPLIST_FILE = DownloadYourData/Info.plist;
				INFOPLIST_KEY_LSSupportsOpeningDocumentsInPlace = YES;
				INFOPLIST_KEY_NSSupportsLiveActivities = YES;
				INFOPLIST_KEY_UIApplicationSceneManifest_Generation = YES;
				INFOPLIST_KEY_UIApplicationSupportsIndirectInputEvents = YES;
				INFOPLIST_KEY_UILaunchScreen_Generation = YES;
				INFOPLIST_KEY_UISupportedInterfaceOrientations_iPad = "UIInterfaceOrientationPortrait UIInterfaceOrientationPortraitUpsideDown UIInterfaceOrientationLandscapeLeft UIInterfaceOrientationLandscapeRight";
				INFOPLIST_KEY_UISupportedInterfaceOrientations_iPhone = "UIInterfaceOrientationPortrait UIInterfaceOrientationLandscapeLeft UIInterfaceOrientationLandscapeRight";
				IPHONEOS_DEPLOYMENT_TARGET = 17.6;
				LD_RUNPATH_SEARCH_PATHS = (
					"$(inherited)",
					"@executable_path/Frameworks",
				);
				MARKETING_VERSION = 1.0;
				PRODUCT_BUNDLE_IDENTIFIER = com.DownloadYourData;
				PRODUCT_NAME = "$(TARGET_NAME)";
				SWIFT_EMIT_LOC_STRINGS = YES;
				SWIFT_VERSION = 5.0;
				TARGETED_DEVICE_FAMILY = "1,2";
			};
			name = Debug;
		};
		273AA5EF2E28D3DC0056182D /* Release */ = {
			isa = XCBuildConfiguration;
			buildSettings = {
				ASSETCATALOG_COMPILER_APPICON_NAME = AppIcon;
				ASSETCATALOG_COMPILER_GLOBAL_ACCENT_COLOR_NAME = AccentColor;
				CODE_SIGN_STYLE = Automatic;
				CURRENT_PROJECT_VERSION = 1;
				DEVELOPMENT_ASSET_PATHS = "\"DownloadYourData/Preview Content\"";
				DEVELOPMENT_TEAM = 234A77FD93;
				ENABLE_PREVIEWS = YES;
				GENERATE_INFOPLIST_FILE = YES;
				INFOPLIST_FILE = DownloadYourData/Info.plist;
				INFOPLIST_KEY_LSSupportsOpeningDocumentsInPlace = YES;
				INFOPLIST_KEY_NSSupportsLiveActivities = YES;
				INFOPLIST_KEY_UIApplicationSceneManifest_Generation = YES;
				INFOPLIST_KEY_UIApplicationSupportsIndirectInputEvents = YES;
				INFOPLIST_KEY_UILaunchScreen_Generation = YES;
				INFOPLIST_KEY_UISupportedInterfaceOrientations_iPad = "UIInterfaceOrientationPortrait UIInterfaceOrientationPortraitUpsideDown UIInterfaceOrientationLandscapeLeft UIInterfaceOrientationLandscapeRight";
				INFOPLIST_KEY_UISupportedInterfaceOrientations_iPhone = "UIInterfaceOrientationPortrait UIInterfaceOrientationLandscapeLeft UIInterfaceOrientationLandscapeRight";
				IPHONEOS_DEPLOYMENT_TARGET = 17.6;
				LD_RUNPATH_SEARCH_PATHS = (
					"$(inherited)",
					"@executable_path/Frameworks",
				);
				MARKETING_VERSION = 1.0;
				PRODUCT_BUNDLE_IDENTIFIER = com.DownloadYourData;
				PRODUCT_NAME = "$(TARGET_NAME)";
				SWIFT_EMIT_LOC_STRINGS = YES;
				SWIFT_VERSION = 5.0;
				TARGETED_DEVICE_FAMILY = "1,2";
			};
			name = Release;
		};
/* End XCBuildConfiguration section */

/* Begin XCConfigurationList section */
		27219AC42E3CDDDE0044C608 /* Build configuration list for PBXNativeTarget "ActivityWidgetExtension" */ = {
			isa = XCConfigurationList;
			buildConfigurations = (
				27219AC52E3CDDDE0044C608 /* Debug */,
				27219AC62E3CDDDE0044C608 /* Release */,
			);
			defaultConfigurationIsVisible = 0;
			defaultConfigurationName = Release;
		};
		273AA5DA2E28D3DA0056182D /* Build configuration list for PBXProject "DownloadYourData" */ = {
			isa = XCConfigurationList;
			buildConfigurations = (
				273AA5EB2E28D3DC0056182D /* Debug */,
				273AA5EC2E28D3DC0056182D /* Release */,
			);
			defaultConfigurationIsVisible = 0;
			defaultConfigurationName = Release;
		};
		273AA5ED2E28D3DC0056182D /* Build configuration list for PBXNativeTarget "DownloadYourData" */ = {
			isa = XCConfigurationList;
			buildConfigurations = (
				273AA5EE2E28D3DC0056182D /* Debug */,
				273AA5EF2E28D3DC0056182D /* Release */,
			);
			defaultConfigurationIsVisible = 0;
			defaultConfigurationName = Release;
		};
/* End XCConfigurationList section */
	};
	rootObject = 273AA5D72E28D3DA0056182D /* Project object */;
}
